
Microsoft Visual Studio Solution File, Format Version 12.00
# Visual Studio 15
VisualStudioVersion = 15.0.27703.2026
MinimumVisualStudioVersion = 10.0.40219.1
Project("{FAE04EC0-301F-11D3-BF4B-00C04F79EFBC}") = "ByeMyMoney.Domain", "ByeMyMoney.Domain\ByeMyMoney.Domain.csproj", "{EA3BD63E-BE5D-4690-A1BC-69B7D08FD39D}"
EndProject
Project("{FAE04EC0-301F-11D3-BF4B-00C04F79EFBC}") = "ByeMyMoney.Shared", "ByeMyMoney.Shared\ByeMyMoney.Shared.csproj", "{E76E781C-0715-4EAC-8C96-4727052891D7}"
EndProject
Project("{FAE04EC0-301F-11D3-BF4B-00C04F79EFBC}") = "ByeMyMoney.Tests", "ByeMyMoney.Tests\ByeMyMoney.Tests.csproj", "{8E0F52B4-6C8B-4F00-B7A9-AF347DEAD438}"
EndProject
Global
	GlobalSection(SolutionConfigurationPlatforms) = preSolution
		Debug|Any CPU = Debug|Any CPU
		Release|Any CPU = Release|Any CPU
	EndGlobalSection
	GlobalSection(ProjectConfigurationPlatforms) = postSolution
		{EA3BD63E-BE5D-4690-A1BC-69B7D08FD39D}.Debug|Any CPU.ActiveCfg = Debug|Any CPU
		{EA3BD63E-BE5D-4690-A1BC-69B7D08FD39D}.Debug|Any CPU.Build.0 = Debug|Any CPU
		{EA3BD63E-BE5D-4690-A1BC-69B7D08FD39D}.Release|Any CPU.ActiveCfg = Release|Any CPU
		{EA3BD63E-BE5D-4690-A1BC-69B7D08FD39D}.Release|Any CPU.Build.0 = Release|Any CPU
		{E76E781C-0715-4EAC-8C96-4727052891D7}.Debug|Any CPU.ActiveCfg = Debug|Any CPU
		{E76E781C-0715-4EAC-8C96-4727052891D7}.Debug|Any CPU.Build.0 = Debug|Any CPU
		{E76E781C-0715-4EAC-8C96-4727052891D7}.Release|Any CPU.ActiveCfg = Release|Any CPU
		{E76E781C-0715-4EAC-8C96-4727052891D7}.Release|Any CPU.Build.0 = Release|Any CPU
		{8E0F52B4-6C8B-4F00-B7A9-AF347DEAD438}.Debug|Any CPU.ActiveCfg = Debug|Any CPU
		{8E0F52B4-6C8B-4F00-B7A9-AF347DEAD438}.Debug|Any CPU.Build.0 = Debug|Any CPU
		{8E0F52B4-6C8B-4F00-B7A9-AF347DEAD438}.Release|Any CPU.ActiveCfg = Release|Any CPU
		{8E0F52B4-6C8B-4F00-B7A9-AF347DEAD438}.Release|Any CPU.Build.0 = Release|Any CPU
	EndGlobalSection
	GlobalSection(SolutionProperties) = preSolution
		HideSolutionNode = FALSE
	EndGlobalSection
	GlobalSection(ExtensibilityGlobals) = postSolution
		SolutionGuid = {D005C8B2-C4B2-4021-9DCF-FAF942D3C9E2}
	EndGlobalSection
EndGlobal
